
Microsoft Visual Studio Solution File, Format Version 11.00
# Visual Studio 2010
Project("{FAE04EC0-301F-11D3-BF4B-00C04F79EFBC}") = "PI_Mars_Mission_Control", "PI_Mars_Mission_Control\PI_Mars_Mission_Control.csproj", "{EB4FFDD6-D5D8-4F30-AAB8-9A5FA564ABBD}"
EndProject
Project("{FAE04EC0-301F-11D3-BF4B-00C04F79EFBC}") = "Mars_Mission_Control_Dev", "Mars_Mission_Control_Dev\Mars_Mission_Control_Dev.csproj", "{AEBDE880-E81C-4BCA-B03C-BF93B8B65B99}"
EndProject
Project("{FAE04EC0-301F-11D3-BF4B-00C04F79EFBC}") = "TestCalendrier", "TestCalendrier\TestCalendrier.csproj", "{E3E6B0FB-8525-412C-93FD-27ACDDFB1CB4}"
EndProject
Project("{2150E333-8FDC-42A3-9474-1A3956D46DE8}") = "Solution Items", "Solution Items", "{25DAB0F9-CD51-4287-BBAB-77FD19FB5E8E}"
	ProjectSection(SolutionItems) = preProject
		Local.testsettings = Local.testsettings
		PI_Mars_Mission_Control.vsmdi = PI_Mars_Mission_Control.vsmdi
		TraceAndTestImpact.testsettings = TraceAndTestImpact.testsettings
	EndProjectSection
EndProject
Global
	GlobalSection(TestCaseManagementSettings) = postSolution
		CategoryFile = PI_Mars_Mission_Control.vsmdi
	EndGlobalSection
	GlobalSection(SolutionConfigurationPlatforms) = preSolution
		Debug|Any CPU = Debug|Any CPU
		Debug|Mixed Platforms = Debug|Mixed Platforms
		Debug|x86 = Debug|x86
		Release|Any CPU = Release|Any CPU
		Release|Mixed Platforms = Release|Mixed Platforms
		Release|x86 = Release|x86
	EndGlobalSection
	GlobalSection(ProjectConfigurationPlatforms) = postSolution
		{EB4FFDD6-D5D8-4F30-AAB8-9A5FA564ABBD}.Debug|Any CPU.ActiveCfg = Debug|x86
		{EB4FFDD6-D5D8-4F30-AAB8-9A5FA564ABBD}.Debug|Mixed Platforms.ActiveCfg = Debug|x86
		{EB4FFDD6-D5D8-4F30-AAB8-9A5FA564ABBD}.Debug|Mixed Platforms.Build.0 = Debug|x86
		{EB4FFDD6-D5D8-4F30-AAB8-9A5FA564ABBD}.Debug|x86.ActiveCfg = Debug|x86
		{EB4FFDD6-D5D8-4F30-AAB8-9A5FA564ABBD}.Debug|x86.Build.0 = Debug|x86
		{EB4FFDD6-D5D8-4F30-AAB8-9A5FA564ABBD}.Release|Any CPU.ActiveCfg = Release|x86
		{EB4FFDD6-D5D8-4F30-AAB8-9A5FA564ABBD}.Release|Mixed Platforms.ActiveCfg = Release|x86
		{EB4FFDD6-D5D8-4F30-AAB8-9A5FA564ABBD}.Release|Mixed Platforms.Build.0 = Release|x86
		{EB4FFDD6-D5D8-4F30-AAB8-9A5FA564ABBD}.Release|x86.ActiveCfg = Release|x86
		{EB4FFDD6-D5D8-4F30-AAB8-9A5FA564ABBD}.Release|x86.Build.0 = Release|x86
		{AEBDE880-E81C-4BCA-B03C-BF93B8B65B99}.Debug|Any CPU.ActiveCfg = Debug|x86
		{AEBDE880-E81C-4BCA-B03C-BF93B8B65B99}.Debug|Mixed Platforms.ActiveCfg = Debug|x86
		{AEBDE880-E81C-4BCA-B03C-BF93B8B65B99}.Debug|Mixed Platforms.Build.0 = Debug|x86
		{AEBDE880-E81C-4BCA-B03C-BF93B8B65B99}.Debug|x86.ActiveCfg = Debug|x86
		{AEBDE880-E81C-4BCA-B03C-BF93B8B65B99}.Debug|x86.Build.0 = Debug|x86
		{AEBDE880-E81C-4BCA-B03C-BF93B8B65B99}.Release|Any CPU.ActiveCfg = Release|x86
		{AEBDE880-E81C-4BCA-B03C-BF93B8B65B99}.Release|Mixed Platforms.ActiveCfg = Release|x86
		{AEBDE880-E81C-4BCA-B03C-BF93B8B65B99}.Release|Mixed Platforms.Build.0 = Release|x86
		{AEBDE880-E81C-4BCA-B03C-BF93B8B65B99}.Release|x86.ActiveCfg = Release|x86
		{AEBDE880-E81C-4BCA-B03C-BF93B8B65B99}.Release|x86.Build.0 = Release|x86
		{E3E6B0FB-8525-412C-93FD-27ACDDFB1CB4}.Debug|Any CPU.ActiveCfg = Debug|Any CPU
		{E3E6B0FB-8525-412C-93FD-27ACDDFB1CB4}.Debug|Any CPU.Build.0 = Debug|Any CPU
		{E3E6B0FB-8525-412C-93FD-27ACDDFB1CB4}.Debug|Mixed Platforms.ActiveCfg = Debug|Any CPU
		{E3E6B0FB-8525-412C-93FD-27ACDDFB1CB4}.Debug|Mixed Platforms.Build.0 = Debug|Any CPU
		{E3E6B0FB-8525-412C-93FD-27ACDDFB1CB4}.Debug|x86.ActiveCfg = Debug|Any CPU
		{E3E6B0FB-8525-412C-93FD-27ACDDFB1CB4}.Release|Any CPU.ActiveCfg = Release|Any CPU
		{E3E6B0FB-8525-412C-93FD-27ACDDFB1CB4}.Release|Any CPU.Build.0 = Release|Any CPU
		{E3E6B0FB-8525-412C-93FD-27ACDDFB1CB4}.Release|Mixed Platforms.ActiveCfg = Release|Any CPU
		{E3E6B0FB-8525-412C-93FD-27ACDDFB1CB4}.Release|Mixed Platforms.Build.0 = Release|Any CPU
		{E3E6B0FB-8525-412C-93FD-27ACDDFB1CB4}.Release|x86.ActiveCfg = Release|Any CPU
	EndGlobalSection
	GlobalSection(SolutionProperties) = preSolution
		HideSolutionNode = FALSE
	EndGlobalSection
EndGlobal
