
Microsoft Visual Studio Solution File, Format Version 11.00
# Visual Studio 2010
Project("{FAE04EC0-301F-11D3-BF4B-00C04F79EFBC}") = "PI_Mars_Mission_Control", "PI_Mars_Mission_Control\PI_Mars_Mission_Control.csproj", "{EB4FFDD6-D5D8-4F30-AAB8-9A5FA564ABBD}"
EndProject
Project("{FAE04EC0-301F-11D3-BF4B-00C04F79EFBC}") = "Mars_Mission_Control_Dev", "Mars_Mission_Control_Dev\Mars_Mission_Control_Dev.csproj", "{AEBDE880-E81C-4BCA-B03C-BF93B8B65B99}"
EndProject
Global
	GlobalSection(SolutionConfigurationPlatforms) = preSolution
		Debug|x86 = Debug|x86
		Release|x86 = Release|x86
	EndGlobalSection
	GlobalSection(ProjectConfigurationPlatforms) = postSolution
		{EB4FFDD6-D5D8-4F30-AAB8-9A5FA564ABBD}.Debug|x86.ActiveCfg = Debug|x86
		{EB4FFDD6-D5D8-4F30-AAB8-9A5FA564ABBD}.Debug|x86.Build.0 = Debug|x86
		{EB4FFDD6-D5D8-4F30-AAB8-9A5FA564ABBD}.Release|x86.ActiveCfg = Release|x86
		{EB4FFDD6-D5D8-4F30-AAB8-9A5FA564ABBD}.Release|x86.Build.0 = Release|x86
		{AEBDE880-E81C-4BCA-B03C-BF93B8B65B99}.Debug|x86.ActiveCfg = Debug|x86
		{AEBDE880-E81C-4BCA-B03C-BF93B8B65B99}.Debug|x86.Build.0 = Debug|x86
		{AEBDE880-E81C-4BCA-B03C-BF93B8B65B99}.Release|x86.ActiveCfg = Release|x86
		{AEBDE880-E81C-4BCA-B03C-BF93B8B65B99}.Release|x86.Build.0 = Release|x86
	EndGlobalSection
	GlobalSection(SolutionProperties) = preSolution
		HideSolutionNode = FALSE
	EndGlobalSection
EndGlobal
